
Microsoft Visual Studio Solution File, Format Version 12.00
# Visual Studio Version 16
VisualStudioVersion = 16.0.31005.135
MinimumVisualStudioVersion = 10.0.40219.1
Project("{9A19103F-16F7-4668-BE54-9A1E7A4F7556}") = "GeometryToDxfExport", "GeometryToDxfExport.csproj", "{16099DA7-7404-4025-8771-43EBF7ED6C14}"
EndProject
Project("{9A19103F-16F7-4668-BE54-9A1E7A4F7556}") = "GeometryPdfExport", "..\GeometryPDFExporter\GeometryPdfExport.csproj", "{D9FB199A-80B7-4480-9603-342AA91DB84E}"
EndProject
Project("{9A19103F-16F7-4668-BE54-9A1E7A4F7556}") = "ExportDemo", "..\ExportDemo\ExportDemo.csproj", "{ACDB7166-446A-4A39-982A-9EA3602061D2}"
EndProject
Project("{9A19103F-16F7-4668-BE54-9A1E7A4F7556}") = "GeoExport", "..\GeoExport\GeoExport.csproj", "{C25F1E14-2117-458E-80F0-8985CB82FC19}"
EndProject
Project("{FAE04EC0-301F-11D3-BF4B-00C04F79EFBC}") = "StlExport", "..\StlExport\StlExport.csproj", "{F51F00C2-D34B-4366-A3BF-DA14DA17C24E}"
EndProject
Global
	GlobalSection(SolutionConfigurationPlatforms) = preSolution
		Debug|Any CPU = Debug|Any CPU
		Debug|ARM = Debug|ARM
		Debug|ARM64 = Debug|ARM64
		Debug|x64 = Debug|x64
		Debug|x86 = Debug|x86
		Release|Any CPU = Release|Any CPU
		Release|ARM = Release|ARM
		Release|ARM64 = Release|ARM64
		Release|x64 = Release|x64
		Release|x86 = Release|x86
	EndGlobalSection
	GlobalSection(ProjectConfigurationPlatforms) = postSolution
		{16099DA7-7404-4025-8771-43EBF7ED6C14}.Debug|Any CPU.ActiveCfg = Debug|Any CPU
		{16099DA7-7404-4025-8771-43EBF7ED6C14}.Debug|Any CPU.Build.0 = Debug|Any CPU
		{16099DA7-7404-4025-8771-43EBF7ED6C14}.Debug|ARM.ActiveCfg = Debug|Any CPU
		{16099DA7-7404-4025-8771-43EBF7ED6C14}.Debug|ARM.Build.0 = Debug|Any CPU
		{16099DA7-7404-4025-8771-43EBF7ED6C14}.Debug|ARM64.ActiveCfg = Debug|Any CPU
		{16099DA7-7404-4025-8771-43EBF7ED6C14}.Debug|ARM64.Build.0 = Debug|Any CPU
		{16099DA7-7404-4025-8771-43EBF7ED6C14}.Debug|x64.ActiveCfg = Debug|Any CPU
		{16099DA7-7404-4025-8771-43EBF7ED6C14}.Debug|x64.Build.0 = Debug|Any CPU
		{16099DA7-7404-4025-8771-43EBF7ED6C14}.Debug|x86.ActiveCfg = Debug|Any CPU
		{16099DA7-7404-4025-8771-43EBF7ED6C14}.Debug|x86.Build.0 = Debug|Any CPU
		{16099DA7-7404-4025-8771-43EBF7ED6C14}.Release|Any CPU.ActiveCfg = Release|Any CPU
		{16099DA7-7404-4025-8771-43EBF7ED6C14}.Release|Any CPU.Build.0 = Release|Any CPU
		{16099DA7-7404-4025-8771-43EBF7ED6C14}.Release|ARM.ActiveCfg = Release|Any CPU
		{16099DA7-7404-4025-8771-43EBF7ED6C14}.Release|ARM.Build.0 = Release|Any CPU
		{16099DA7-7404-4025-8771-43EBF7ED6C14}.Release|ARM64.ActiveCfg = Release|Any CPU
		{16099DA7-7404-4025-8771-43EBF7ED6C14}.Release|ARM64.Build.0 = Release|Any CPU
		{16099DA7-7404-4025-8771-43EBF7ED6C14}.Release|x64.ActiveCfg = Release|Any CPU
		{16099DA7-7404-4025-8771-43EBF7ED6C14}.Release|x64.Build.0 = Release|Any CPU
		{16099DA7-7404-4025-8771-43EBF7ED6C14}.Release|x86.ActiveCfg = Release|Any CPU
		{16099DA7-7404-4025-8771-43EBF7ED6C14}.Release|x86.Build.0 = Release|Any CPU
		{D9FB199A-80B7-4480-9603-342AA91DB84E}.Debug|Any CPU.ActiveCfg = Debug|Any CPU
		{D9FB199A-80B7-4480-9603-342AA91DB84E}.Debug|Any CPU.Build.0 = Debug|Any CPU
		{D9FB199A-80B7-4480-9603-342AA91DB84E}.Debug|ARM.ActiveCfg = Debug|Any CPU
		{D9FB199A-80B7-4480-9603-342AA91DB84E}.Debug|ARM.Build.0 = Debug|Any CPU
		{D9FB199A-80B7-4480-9603-342AA91DB84E}.Debug|ARM64.ActiveCfg = Debug|Any CPU
		{D9FB199A-80B7-4480-9603-342AA91DB84E}.Debug|ARM64.Build.0 = Debug|Any CPU
		{D9FB199A-80B7-4480-9603-342AA91DB84E}.Debug|x64.ActiveCfg = Debug|Any CPU
		{D9FB199A-80B7-4480-9603-342AA91DB84E}.Debug|x64.Build.0 = Debug|Any CPU
		{D9FB199A-80B7-4480-9603-342AA91DB84E}.Debug|x86.ActiveCfg = Debug|Any CPU
		{D9FB199A-80B7-4480-9603-342AA91DB84E}.Debug|x86.Build.0 = Debug|Any CPU
		{D9FB199A-80B7-4480-9603-342AA91DB84E}.Release|Any CPU.ActiveCfg = Release|Any CPU
		{D9FB199A-80B7-4480-9603-342AA91DB84E}.Release|Any CPU.Build.0 = Release|Any CPU
		{D9FB199A-80B7-4480-9603-342AA91DB84E}.Release|ARM.ActiveCfg = Release|Any CPU
		{D9FB199A-80B7-4480-9603-342AA91DB84E}.Release|ARM.Build.0 = Release|Any CPU
		{D9FB199A-80B7-4480-9603-342AA91DB84E}.Release|ARM64.ActiveCfg = Release|Any CPU
		{D9FB199A-80B7-4480-9603-342AA91DB84E}.Release|ARM64.Build.0 = Release|Any CPU
		{D9FB199A-80B7-4480-9603-342AA91DB84E}.Release|x64.ActiveCfg = Release|Any CPU
		{D9FB199A-80B7-4480-9603-342AA91DB84E}.Release|x64.Build.0 = Release|Any CPU
		{D9FB199A-80B7-4480-9603-342AA91DB84E}.Release|x86.ActiveCfg = Release|Any CPU
		{D9FB199A-80B7-4480-9603-342AA91DB84E}.Release|x86.Build.0 = Release|Any CPU
		{ACDB7166-446A-4A39-982A-9EA3602061D2}.Debug|Any CPU.ActiveCfg = Debug|Any CPU
		{ACDB7166-446A-4A39-982A-9EA3602061D2}.Debug|Any CPU.Build.0 = Debug|Any CPU
		{ACDB7166-446A-4A39-982A-9EA3602061D2}.Debug|ARM.ActiveCfg = Debug|Any CPU
		{ACDB7166-446A-4A39-982A-9EA3602061D2}.Debug|ARM.Build.0 = Debug|Any CPU
		{ACDB7166-446A-4A39-982A-9EA3602061D2}.Debug|ARM64.ActiveCfg = Debug|Any CPU
		{ACDB7166-446A-4A39-982A-9EA3602061D2}.Debug|ARM64.Build.0 = Debug|Any CPU
		{ACDB7166-446A-4A39-982A-9EA3602061D2}.Debug|x64.ActiveCfg = Debug|Any CPU
		{ACDB7166-446A-4A39-982A-9EA3602061D2}.Debug|x64.Build.0 = Debug|Any CPU
		{ACDB7166-446A-4A39-982A-9EA3602061D2}.Debug|x86.ActiveCfg = Debug|Any CPU
		{ACDB7166-446A-4A39-982A-9EA3602061D2}.Debug|x86.Build.0 = Debug|Any CPU
		{ACDB7166-446A-4A39-982A-9EA3602061D2}.Release|Any CPU.ActiveCfg = Release|Any CPU
		{ACDB7166-446A-4A39-982A-9EA3602061D2}.Release|Any CPU.Build.0 = Release|Any CPU
		{ACDB7166-446A-4A39-982A-9EA3602061D2}.Release|ARM.ActiveCfg = Release|Any CPU
		{ACDB7166-446A-4A39-982A-9EA3602061D2}.Release|ARM.Build.0 = Release|Any CPU
		{ACDB7166-446A-4A39-982A-9EA3602061D2}.Release|ARM64.ActiveCfg = Release|Any CPU
		{ACDB7166-446A-4A39-982A-9EA3602061D2}.Release|ARM64.Build.0 = Release|Any CPU
		{ACDB7166-446A-4A39-982A-9EA3602061D2}.Release|x64.ActiveCfg = Release|Any CPU
		{ACDB7166-446A-4A39-982A-9EA3602061D2}.Release|x64.Build.0 = Release|Any CPU
		{ACDB7166-446A-4A39-982A-9EA3602061D2}.Release|x86.ActiveCfg = Release|Any CPU
		{ACDB7166-446A-4A39-982A-9EA3602061D2}.Release|x86.Build.0 = Release|Any CPU
		{C25F1E14-2117-458E-80F0-8985CB82FC19}.Debug|Any CPU.ActiveCfg = Debug|Any CPU
		{C25F1E14-2117-458E-80F0-8985CB82FC19}.Debug|Any CPU.Build.0 = Debug|Any CPU
		{C25F1E14-2117-458E-80F0-8985CB82FC19}.Debug|ARM.ActiveCfg = Debug|Any CPU
		{C25F1E14-2117-458E-80F0-8985CB82FC19}.Debug|ARM.Build.0 = Debug|Any CPU
		{C25F1E14-2117-458E-80F0-8985CB82FC19}.Debug|ARM64.ActiveCfg = Debug|Any CPU
		{C25F1E14-2117-458E-80F0-8985CB82FC19}.Debug|ARM64.Build.0 = Debug|Any CPU
		{C25F1E14-2117-458E-80F0-8985CB82FC19}.Debug|x64.ActiveCfg = Debug|Any CPU
		{C25F1E14-2117-458E-80F0-8985CB82FC19}.Debug|x64.Build.0 = Debug|Any CPU
		{C25F1E14-2117-458E-80F0-8985CB82FC19}.Debug|x86.ActiveCfg = Debug|Any CPU
		{C25F1E14-2117-458E-80F0-8985CB82FC19}.Debug|x86.Build.0 = Debug|Any CPU
		{C25F1E14-2117-458E-80F0-8985CB82FC19}.Release|Any CPU.ActiveCfg = Release|Any CPU
		{C25F1E14-2117-458E-80F0-8985CB82FC19}.Release|Any CPU.Build.0 = Release|Any CPU
		{C25F1E14-2117-458E-80F0-8985CB82FC19}.Release|ARM.ActiveCfg = Release|Any CPU
		{C25F1E14-2117-458E-80F0-8985CB82FC19}.Release|ARM.Build.0 = Release|Any CPU
		{C25F1E14-2117-458E-80F0-8985CB82FC19}.Release|ARM64.ActiveCfg = Release|Any CPU
		{C25F1E14-2117-458E-80F0-8985CB82FC19}.Release|ARM64.Build.0 = Release|Any CPU
		{C25F1E14-2117-458E-80F0-8985CB82FC19}.Release|x64.ActiveCfg = Release|Any CPU
		{C25F1E14-2117-458E-80F0-8985CB82FC19}.Release|x64.Build.0 = Release|Any CPU
		{C25F1E14-2117-458E-80F0-8985CB82FC19}.Release|x86.ActiveCfg = Release|Any CPU
		{C25F1E14-2117-458E-80F0-8985CB82FC19}.Release|x86.Build.0 = Release|Any CPU
		{F51F00C2-D34B-4366-A3BF-DA14DA17C24E}.Debug|Any CPU.ActiveCfg = Debug|Any CPU
		{F51F00C2-D34B-4366-A3BF-DA14DA17C24E}.Debug|Any CPU.Build.0 = Debug|Any CPU
		{F51F00C2-D34B-4366-A3BF-DA14DA17C24E}.Debug|ARM.ActiveCfg = Debug|Any CPU
		{F51F00C2-D34B-4366-A3BF-DA14DA17C24E}.Debug|ARM.Build.0 = Debug|Any CPU
		{F51F00C2-D34B-4366-A3BF-DA14DA17C24E}.Debug|ARM64.ActiveCfg = Debug|Any CPU
		{F51F00C2-D34B-4366-A3BF-DA14DA17C24E}.Debug|ARM64.Build.0 = Debug|Any CPU
		{F51F00C2-D34B-4366-A3BF-DA14DA17C24E}.Debug|x64.ActiveCfg = Debug|Any CPU
		{F51F00C2-D34B-4366-A3BF-DA14DA17C24E}.Debug|x64.Build.0 = Debug|Any CPU
		{F51F00C2-D34B-4366-A3BF-DA14DA17C24E}.Debug|x86.ActiveCfg = Debug|Any CPU
		{F51F00C2-D34B-4366-A3BF-DA14DA17C24E}.Debug|x86.Build.0 = Debug|Any CPU
		{F51F00C2-D34B-4366-A3BF-DA14DA17C24E}.Release|Any CPU.ActiveCfg = Release|Any CPU
		{F51F00C2-D34B-4366-A3BF-DA14DA17C24E}.Release|Any CPU.Build.0 = Release|Any CPU
		{F51F00C2-D34B-4366-A3BF-DA14DA17C24E}.Release|ARM.ActiveCfg = Release|Any CPU
		{F51F00C2-D34B-4366-A3BF-DA14DA17C24E}.Release|ARM.Build.0 = Release|Any CPU
		{F51F00C2-D34B-4366-A3BF-DA14DA17C24E}.Release|ARM64.ActiveCfg = Release|Any CPU
		{F51F00C2-D34B-4366-A3BF-DA14DA17C24E}.Release|ARM64.Build.0 = Release|Any CPU
		{F51F00C2-D34B-4366-A3BF-DA14DA17C24E}.Release|x64.ActiveCfg = Release|Any CPU
		{F51F00C2-D34B-4366-A3BF-DA14DA17C24E}.Release|x64.Build.0 = Release|Any CPU
		{F51F00C2-D34B-4366-A3BF-DA14DA17C24E}.Release|x86.ActiveCfg = Release|Any CPU
		{F51F00C2-D34B-4366-A3BF-DA14DA17C24E}.Release|x86.Build.0 = Release|Any CPU
	EndGlobalSection
	GlobalSection(SolutionProperties) = preSolution
		HideSolutionNode = FALSE
	EndGlobalSection
	GlobalSection(ExtensibilityGlobals) = postSolution
		SolutionGuid = {0081841B-5B63-4788-947B-25EA94677BA8}
	EndGlobalSection
EndGlobal
